hash: 2321ec3ccb939babc9f32546f919f10be4de122caf1feac538533d91ab7ed752
updated: 2017-04-18T22:45:15.669575+01:00
imports:
- name: golang.org/x/net
  version: 5602c733f70afc6dcec6766be0d5034d4c4f14de
  subpackages:
  - context
- name: google.golang.org/grpc
  version: 8050b9cbc271307e5a716a9d782803d09b0d6f2d
  subpackages:
  - metadata
testImports: []
