# This file is autogenerated, do not edit; changes may be undone by the next 'dep ensure'.


[[projects]]
  branch = "master"
  name = "golang.org/x/net"
  packages = ["context"]
  revision = "ab5485076ff3407ad2d02db054635913f017b0ed"

[[projects]]
  name = "google.golang.org/grpc"
  packages = ["metadata"]
  revision = "172ccacff3cfbddedcf1ba5ea06cda943bc976c1"
  version = "v1.5.0"

[solve-meta]
  analyzer-name = "dep"
  analyzer-version = 1
  inputs-digest = "2e0014bb139abfd3d152fa33b2ca707d60aa1c9aae54dd484009f52286920e9d"
  solver-name = "gps-cdcl"
  solver-version = 1
